
Microsoft Visual Studio Solution File, Format Version 12.00
# Visual Studio Version 16
VisualStudioVersion = 16.0.31205.134
MinimumVisualStudioVersion = 10.0.40219.1
Project("{9A19103F-16F7-4668-BE54-9A1E7A4F7556}") = "PF6_Team1_DotNetAssignment", "PF6_Team1_DotNetAssignment\PF6_Team1_DotNetAssignment.csproj", "{96FF7470-954F-41FC-BBED-6771843B802B}"
EndProject
Project("{FAE04EC0-301F-11D3-BF4B-00C04F79EFBC}") = "PF6_Team1_DotNetAssignment.Core", "PF6_Team1_DotNetAssignment.Core\PF6_Team1_DotNetAssignment.Core.csproj", "{F44ACB90-C78F-4967-978D-E6C7B7F62210}"
EndProject
Global
	GlobalSection(SolutionConfigurationPlatforms) = preSolution
		Debug|Any CPU = Debug|Any CPU
		Release|Any CPU = Release|Any CPU
	EndGlobalSection
	GlobalSection(ProjectConfigurationPlatforms) = postSolution
		{96FF7470-954F-41FC-BBED-6771843B802B}.Debug|Any CPU.ActiveCfg = Debug|Any CPU
		{96FF7470-954F-41FC-BBED-6771843B802B}.Debug|Any CPU.Build.0 = Debug|Any CPU
		{96FF7470-954F-41FC-BBED-6771843B802B}.Release|Any CPU.ActiveCfg = Release|Any CPU
		{96FF7470-954F-41FC-BBED-6771843B802B}.Release|Any CPU.Build.0 = Release|Any CPU
		{F44ACB90-C78F-4967-978D-E6C7B7F62210}.Debug|Any CPU.ActiveCfg = Debug|Any CPU
		{F44ACB90-C78F-4967-978D-E6C7B7F62210}.Debug|Any CPU.Build.0 = Debug|Any CPU
		{F44ACB90-C78F-4967-978D-E6C7B7F62210}.Release|Any CPU.ActiveCfg = Release|Any CPU
		{F44ACB90-C78F-4967-978D-E6C7B7F62210}.Release|Any CPU.Build.0 = Release|Any CPU
	EndGlobalSection
	GlobalSection(SolutionProperties) = preSolution
		HideSolutionNode = FALSE
	EndGlobalSection
	GlobalSection(ExtensibilityGlobals) = postSolution
		SolutionGuid = {37EAA8FF-1592-4912-B010-0038B5C6C632}
	EndGlobalSection
EndGlobal
